
Microsoft Visual Studio Solution File, Format Version 12.00
# Visual Studio Version 16
VisualStudioVersion = 16.0.29519.87
MinimumVisualStudioVersion = 10.0.40219.1
Project("{FAE04EC0-301F-11D3-BF4B-00C04F79EFBC}") = "WindowsFormsApp1", "WindowsFormsApp1.csproj", "{46DEB3AB-ECD7-4A20-9139-49B5B2D1045D}"
EndProject
Global
	GlobalSection(SolutionConfigurationPlatforms) = preSolution
		Debug|Any CPU = Debug|Any CPU
		Release|Any CPU = Release|Any CPU
	EndGlobalSection
	GlobalSection(ProjectConfigurationPlatforms) = postSolution
		{46DEB3AB-ECD7-4A20-9139-49B5B2D1045D}.Debug|Any CPU.ActiveCfg = Debug|Any CPU
		{46DEB3AB-ECD7-4A20-9139-49B5B2D1045D}.Debug|Any CPU.Build.0 = Debug|Any CPU
		{46DEB3AB-ECD7-4A20-9139-49B5B2D1045D}.Release|Any CPU.ActiveCfg = Release|Any CPU
		{46DEB3AB-ECD7-4A20-9139-49B5B2D1045D}.Release|Any CPU.Build.0 = Release|Any CPU
	EndGlobalSection
	GlobalSection(SolutionProperties) = preSolution
		HideSolutionNode = FALSE
	EndGlobalSection
	GlobalSection(ExtensibilityGlobals) = postSolution
		SolutionGuid = {1D83AE1D-4E0F-4F6E-98B9-EF34FFD6049D}
	EndGlobalSection
EndGlobal
